<?xml version="1.0" encoding="utf-8"?>
<Project ToolsVersion="4.0" xmlns="http://schemas.microsoft.com/developer/msbuild/2003">
  <ItemGroup>
    <ClCompile Include="base\asynclogging.cpp" />
    <ClCompile Include="base\configfilereader.cpp" />
    <ClCompile Include="base\countdownlatch.cpp" />
    <ClCompile Include="base\fileutil.cpp" />
    <ClCompile Include="base\logfile.cpp" />
    <ClCompile Include="base\logging.cpp" />
    <ClCompile Include="base\LogStream.cpp" />
    <ClCompile Include="base\threadpool.cpp" />
    <ClCompile Include="base\timestamp.cpp" />
    <ClCompile Include="net\accept.cpp" />
    <ClCompile Include="net\buffer.cpp" />
    <ClCompile Include="net\channel.cpp" />
    <ClCompile Include="net\connector.cpp" />
    <ClCompile Include="net\epollpoller.cpp" />
    <ClCompile Include="net\eventloop.cpp" />
    <ClCompile Include="net\eventloopthread.cpp" />
    <ClCompile Include="net\eventloopthreadpool.cpp" />
    <ClCompile Include="net\inetaddress.cpp" />
    <ClCompile Include="net\protocolstream.cpp" />
    <ClCompile Include="net\sockets.cpp" />
    <ClCompile Include="net\tcpclient.cpp" />
    <ClCompile Include="net\tcpconnection.cpp" />
    <ClCompile Include="net\tcpserver.cpp" />
    <ClCompile Include="net\timer.cpp" />
    <ClCompile Include="net\timerQueue.cpp" />
    <ClCompile Include="webserver\HttpClient.cpp" />
    <ClCompile Include="webserver\HttpServer.cpp" />
    <ClCompile Include="webserver\HttpSession.cpp" />
    <ClCompile Include="webserver\main.cpp" />
  </ItemGroup>
  <ItemGroup>
    <ClInclude Include="base\asynclogging.h" />
    <ClInclude Include="base\configfilereader.h" />
    <ClInclude Include="base\countdownlatch.h" />
    <ClInclude Include="base\fileutil.h" />
    <ClInclude Include="base\logfile.h" />
    <ClInclude Include="base\logging.h" />
    <ClInclude Include="base\LogStream.h" />
    <ClInclude Include="base\singleton.h" />
    <ClInclude Include="base\threadpool.h" />
    <ClInclude Include="base\timestamp.h" />
    <ClInclude Include="net\accept.h" />
    <ClInclude Include="net\anyone.h" />
    <ClInclude Include="net\buffer.h" />
    <ClInclude Include="net\callback.h" />
    <ClInclude Include="net\channel.h" />
    <ClInclude Include="net\connector.h" />
    <ClInclude Include="net\endian.h" />
    <ClInclude Include="net\epollpoller.h" />
    <ClInclude Include="net\eventloop.h" />
    <ClInclude Include="net\eventloopthread.h" />
    <ClInclude Include="net\eventloopthreadpool.h" />
    <ClInclude Include="net\inetaddress.h" />
    <ClInclude Include="net\protocolstream.h" />
    <ClInclude Include="net\sockets.h" />
    <ClInclude Include="net\tcpclient.h" />
    <ClInclude Include="net\tcpconnection.h" />
    <ClInclude Include="net\tcpserver.h" />
    <ClInclude Include="net\timer.h" />
    <ClInclude Include="net\timerId.h" />
    <ClInclude Include="net\timerQueue.h" />
    <ClInclude Include="webserver\HttpClient.h" />
    <ClInclude Include="webserver\HttpServer.h" />
    <ClInclude Include="webserver\HttpSession.h" />
  </ItemGroup>
</Project>